// !$*UTF8*$!
{
	archiveVersion = 1;
	classes = {
	};
	objectVersion = 56;
	objects = {

/* Begin PBXBuildFile section */
		2874CAF22CD1663500ABE10F /* InformationController.swift in Sources */ = {isa = PBXBuildFile; fileRef = 2874CAF12CD1663500ABE10F /* InformationController.swift */; };
		2874CAF42CD16C3100ABE10F /* ListViewController.swift in Sources */ = {isa = PBXBuildFile; fileRef = 2874CAF32CD16C3100ABE10F /* ListViewController.swift */; };
		288922FA2CC12FC700CCD09C /* AppDelegate.swift in Sources */ = {isa = PBXBuildFile; fileRef = 288922F92CC12FC700CCD09C /* AppDelegate.swift */; };
		288922FC2CC12FC700CCD09C /* SceneDelegate.swift in Sources */ = {isa = PBXBuildFile; fileRef = 288922FB2CC12FC700CCD09C /* SceneDelegate.swift */; };
		288922FE2CC12FC700CCD09C /* ViewController.swift in Sources */ = {isa = PBXBuildFile; fileRef = 288922FD2CC12FC700CCD09C /* ViewController.swift */; };
		288923012CC12FC700CCD09C /* Base in Resources */ = {isa = PBXBuildFile; fileRef = 288923002CC12FC700CCD09C /* Base */; };
		288923032CC12FC800CCD09C /* Assets.xcassets in Resources */ = {isa = PBXBuildFile; fileRef = 288923022CC12FC800CCD09C /* Assets.xcassets */; };
		288923062CC12FC800CCD09C /* Base in Resources */ = {isa = PBXBuildFile; fileRef = 288923052CC12FC800CCD09C /* Base */; };
		288923112CC12FC800CCD09C /* ContactListTests.swift in Sources */ = {isa = PBXBuildFile; fileRef = 288923102CC12FC800CCD09C /* ContactListTests.swift */; };
		2889231B2CC12FC800CCD09C /* ContactListUITests.swift in Sources */ = {isa = PBXBuildFile; fileRef = 2889231A2CC12FC800CCD09C /* ContactListUITests.swift */; };
		2889231D2CC12FC800CCD09C /* ContactListUITestsLaunchTests.swift in Sources */ = {isa = PBXBuildFile; fileRef = 2889231C2CC12FC800CCD09C /* ContactListUITestsLaunchTests.swift */; };
/* End PBXBuildFile section */

/* Begin PBXContainerItemProxy section */
		2889230D2CC12FC800CCD09C /* PBXContainerItemProxy */ = {
			isa = PBXContainerItemProxy;
			containerPortal = 288922EE2CC12FC700CCD09C /* Project object */;
			proxyType = 1;
			remoteGlobalIDString = 288922F52CC12FC700CCD09C;
			remoteInfo = ContactList;
		};
		288923172CC12FC800CCD09C /* PBXContainerItemProxy */ = {
			isa = PBXContainerItemProxy;
			containerPortal = 288922EE2CC12FC700CCD09C /* Project object */;
			proxyType = 1;
			remoteGlobalIDString = 288922F52CC12FC700CCD09C;
			remoteInfo = ContactList;
		};
/* End PBXContainerItemProxy section */

/* Begin PBXFileReference section */
		2874CAF12CD1663500ABE10F /* InformationController.swift */ = {isa = PBXFileReference; lastKnownFileType = sourcecode.swift; path = InformationController.swift; sourceTree = "<group>"; };
		2874CAF32CD16C3100ABE10F /* ListViewController.swift */ = {isa = PBXFileReference; lastKnownFileType = sourcecode.swift; path = ListViewController.swift; sourceTree = "<group>"; };
		288922F62CC12FC700CCD09C /* ContactList.app */ = {isa = PBXFileReference; explicitFileType = wrapper.application; includeInIndex = 0; path = ContactList.app; sourceTree = BUILT_PRODUCTS_DIR; };
		288922F92CC12FC700CCD09C /* AppDelegate.swift */ = {isa = PBXFileReference; lastKnownFileType = sourcecode.swift; path = AppDelegate.swift; sourceTree = "<group>"; };
		288922FB2CC12FC700CCD09C /* SceneDelegate.swift */ = {isa = PBXFileReference; lastKnownFileType = sourcecode.swift; path = SceneDelegate.swift; sourceTree = "<group>"; };
		288922FD2CC12FC700CCD09C /* ViewController.swift */ = {isa = PBXFileReference; lastKnownFileType = sourcecode.swift; path = ViewController.swift; sourceTree = "<group>"; };
		288923002CC12FC700CCD09C /* Base */ = {isa = PBXFileReference; lastKnownFileType = file.storyboard; name = Base; path = Base.lproj/Main.storyboard; sourceTree = "<group>"; };
		288923022CC12FC800CCD09C /* Assets.xcassets */ = {isa = PBXFileReference; lastKnownFileType = folder.assetcatalog; path = Assets.xcassets; sourceTree = "<group>"; };
		288923052CC12FC800CCD09C /* Base */ = {isa = PBXFileReference; lastKnownFileType = file.storyboard; name = Base; path = Base.lproj/LaunchScreen.storyboard; sourceTree = "<group>"; };
		288923072CC12FC800CCD09C /* Info.plist */ = {isa = PBXFileReference; lastKnownFileType = text.plist.xml; path = Info.plist; sourceTree = "<group>"; };
		2889230C2CC12FC800CCD09C /* ContactListTests.xctest */ = {isa = PBXFileReference; explicitFileType = wrapper.cfbundle; includeInIndex = 0; path = ContactListTests.xctest; sourceTree = BUILT_PRODUCTS_DIR; };
		288923102CC12FC800CCD09C /* ContactListTests.swift */ = {isa = PBXFileReference; lastKnownFileType = sourcecode.swift; path = ContactListTests.swift; sourceTree = "<group>"; };
		288923162CC12FC800CCD09C /* ContactListUITests.xctest */ = {isa = PBXFileReference; explicitFileType = wrapper.cfbundle; includeInIndex = 0; path = ContactListUITests.xctest; sourceTree = BUILT_PRODUCTS_DIR; };
		2889231A2CC12FC800CCD09C /* ContactListUITests.swift */ = {isa = PBXFileReference; lastKnownFileType = sourcecode.swift; path = ContactListUITests.swift; sourceTree = "<group>"; };
		2889231C2CC12FC800CCD09C /* ContactListUITestsLaunchTests.swift */ = {isa = PBXFileReference; lastKnownFileType = sourcecode.swift; path = ContactListUITestsLaunchTests.swift; sourceTree = "<group>"; };
/* End PBXFileReference section */

/* Begin PBXFrameworksBuildPhase section */
		288922F32CC12FC700CCD09C /* Frameworks */ = {
			isa = PBXFrameworksBuildPhase;
			buildActionMask = 2147483647;
			files = (
			);
			runOnlyForDeploymentPostprocessing = 0;
		};
		288923092CC12FC800CCD09C /* Frameworks */ = {
			isa = PBXFrameworksBuildPhase;
			buildActionMask = 2147483647;
			files = (
			);
			runOnlyForDeploymentPostprocessing = 0;
		};
		288923132CC12FC800CCD09C /* Frameworks */ = {
			isa = PBXFrameworksBuildPhase;
			buildActionMask = 2147483647;
			files = (
			);
			runOnlyForDeploymentPostprocessing = 0;
		};
/* End PBXFrameworksBuildPhase section */

/* Begin PBXGroup section */
		288922ED2CC12FC700CCD09C = {
			isa = PBXGroup;
			children = (
				288922F82CC12FC700CCD09C /* ContactList */,
				2889230F2CC12FC800CCD09C /* ContactListTests */,
				288923192CC12FC800CCD09C /* ContactListUITests */,
				288922F72CC12FC700CCD09C /* Products */,
			);
			sourceTree = "<group>";
		};
		288922F72CC12FC700CCD09C /* Products */ = {
			isa = PBXGroup;
			children = (
				288922F62CC12FC700CCD09C /* ContactList.app */,
				2889230C2CC12FC800CCD09C /* ContactListTests.xctest */,
				288923162CC12FC800CCD09C /* ContactListUITests.xctest */,
			);
			name = Products;
			sourceTree = "<group>";
		};
		288922F82CC12FC700CCD09C /* ContactList */ = {
			isa = PBXGroup;
			children = (
				288922F92CC12FC700CCD09C /* AppDelegate.swift */,
				288922FB2CC12FC700CCD09C /* SceneDelegate.swift */,
				288922FD2CC12FC700CCD09C /* ViewController.swift */,
				288922FF2CC12FC700CCD09C /* Main.storyboard */,
				288923022CC12FC800CCD09C /* Assets.xcassets */,
				288923042CC12FC800CCD09C /* LaunchScreen.storyboard */,
				288923072CC12FC800CCD09C /* Info.plist */,
				2874CAF12CD1663500ABE10F /* InformationController.swift */,
				2874CAF32CD16C3100ABE10F /* ListViewController.swift */,
			);
			path = ContactList;
			sourceTree = "<group>";
		};
		2889230F2CC12FC800CCD09C /* ContactListTests */ = {
			isa = PBXGroup;
			children = (
				288923102CC12FC800CCD09C /* ContactListTests.swift */,
			);
			path = ContactListTests;
			sourceTree = "<group>";
		};
		288923192CC12FC800CCD09C /* ContactListUITests */ = {
			isa = PBXGroup;
			children = (
				2889231A2CC12FC800CCD09C /* ContactListUITests.swift */,
				2889231C2CC12FC800CCD09C /* ContactListUITestsLaunchTests.swift */,
			);
			path = ContactListUITests;
			sourceTree = "<group>";
		};
/* End PBXGroup section */

/* Begin PBXNativeTarget section */
		288922F52CC12FC700CCD09C /* ContactList */ = {
			isa = PBXNativeTarget;
			buildConfigurationList = 288923202CC12FC800CCD09C /* Build configuration list for PBXNativeTarget "ContactList" */;
			buildPhases = (
				288922F22CC12FC700CCD09C /* Sources */,
				288922F32CC12FC700CCD09C /* Frameworks */,
				288922F42CC12FC700CCD09C /* Resources */,
			);
			buildRules = (
			);
			dependencies = (
			);
			name = ContactList;
			productName = ContactList;
			productReference = 288922F62CC12FC700CCD09C /* ContactList.app */;
			productType = "com.apple.product-type.application";
		};
		2889230B2CC12FC800CCD09C /* ContactListTests */ = {
			isa = PBXNativeTarget;
			buildConfigurationList = 288923232CC12FC800CCD09C /* Build configuration list for PBXNativeTarget "ContactListTests" */;
			buildPhases = (
				288923082CC12FC800CCD09C /* Sources */,
				288923092CC12FC800CCD09C /* Frameworks */,
				2889230A2CC12FC800CCD09C /* Resources */,
			);
			buildRules = (
			);
			dependencies = (
				2889230E2CC12FC800CCD09C /* PBXTargetDependency */,
			);
			name = ContactListTests;
			productName = ContactListTests;
			productReference = 2889230C2CC12FC800CCD09C /* ContactListTests.xctest */;
			productType = "com.apple.product-type.bundle.unit-test";
		};
		288923152CC12FC800CCD09C /* ContactListUITests */ = {
			isa = PBXNativeTarget;
			buildConfigurationList = 288923262CC12FC800CCD09C /* Build configuration list for PBXNativeTarget "ContactListUITests" */;
			buildPhases = (
				288923122CC12FC800CCD09C /* Sources */,
				288923132CC12FC800CCD09C /* Frameworks */,
				288923142CC12FC800CCD09C /* Resources */,
			);
			buildRules = (
			);
			dependencies = (
				288923182CC12FC800CCD09C /* PBXTargetDependency */,
			);
			name = ContactListUITests;
			productName = ContactListUITests;
			productReference = 288923162CC12FC800CCD09C /* ContactListUITests.xctest */;
			productType = "com.apple.product-type.bundle.ui-testing";
		};
/* End PBXNativeTarget section */

/* Begin PBXProject section */
		288922EE2CC12FC700CCD09C /* Project object */ = {
			isa = PBXProject;
			attributes = {
				BuildIndependentTargetsInParallel = 1;
				LastSwiftUpdateCheck = 1540;
				LastUpgradeCheck = 1540;
				TargetAttributes = {
					288922F52CC12FC700CCD09C = {
						CreatedOnToolsVersion = 15.4;
					};
					2889230B2CC12FC800CCD09C = {
						CreatedOnToolsVersion = 15.4;
						TestTargetID = 288922F52CC12FC700CCD09C;
					};
					288923152CC12FC800CCD09C = {
						CreatedOnToolsVersion = 15.4;
						TestTargetID = 288922F52CC12FC700CCD09C;
					};
				};
			};
			buildConfigurationList = 288922F12CC12FC700CCD09C /* Build configuration list for PBXProject "ContactList" */;
			compatibilityVersion = "Xcode 14.0";
			developmentRegion = en;
			hasScannedForEncodings = 0;
			knownRegions = (
				en,
				Base,
			);
			mainGroup = 288922ED2CC12FC700CCD09C;
			productRefGroup = 288922F72CC12FC700CCD09C /* Products */;
			projectDirPath = "";
			projectRoot = "";
			targets = (
				288922F52CC12FC700CCD09C /* ContactList */,
				2889230B2CC12FC800CCD09C /* ContactListTests */,
				288923152CC12FC800CCD09C /* ContactListUITests */,
			);
		};
/* End PBXProject section */

/* Begin PBXResourcesBuildPhase section */
		288922F42CC12FC700CCD09C /* Resources */ = {
			isa = PBXResourcesBuildPhase;
			buildActionMask = 2147483647;
			files = (
				288923032CC12FC800CCD09C /* Assets.xcassets in Resources */,
				288923062CC12FC800CCD09C /* Base in Resources */,
				288923012CC12FC700CCD09C /* Base in Resources */,
			);
			runOnlyForDeploymentPostprocessing = 0;
		};
		2889230A2CC12FC800CCD09C /* Resources */ = {
			isa = PBXResourcesBuildPhase;
			buildActionMask = 2147483647;
			files = (
			);
			runOnlyForDeploymentPostprocessing = 0;
		};
		288923142CC12FC800CCD09C /* Resources */ = {
			isa = PBXResourcesBuildPhase;
			buildActionMask = 2147483647;
			files = (
			);
			runOnlyForDeploymentPostprocessing = 0;
		};
/* End PBXResourcesBuildPhase section */

/* Begin PBXSourcesBuildPhase section */
		288922F22CC12FC700CCD09C /* Sources */ = {
			isa = PBXSourcesBuildPhase;
			buildActionMask = 2147483647;
			files = (
				2874CAF22CD1663500ABE10F /* InformationController.swift in Sources */,
				288922FE2CC12FC700CCD09C /* ViewController.swift in Sources */,
				288922FA2CC12FC700CCD09C /* AppDelegate.swift in Sources */,
				2874CAF42CD16C3100ABE10F /* ListViewController.swift in Sources */,
				288922FC2CC12FC700CCD09C /* SceneDelegate.swift in Sources */,
			);
			runOnlyForDeploymentPostprocessing = 0;
		};
		288923082CC12FC800CCD09C /* Sources */ = {
			isa = PBXSourcesBuildPhase;
			buildActionMask = 2147483647;
			files = (
				288923112CC12FC800CCD09C /* ContactListTests.swift in Sources */,
			);
			runOnlyForDeploymentPostprocessing = 0;
		};
		288923122CC12FC800CCD09C /* Sources */ = {
			isa = PBXSourcesBuildPhase;
			buildActionMask = 2147483647;
			files = (
				2889231B2CC12FC800CCD09C /* ContactListUITests.swift in Sources */,
				2889231D2CC12FC800CCD09C /* ContactListUITestsLaunchTests.swift in Sources */,
			);
			runOnlyForDeploymentPostprocessing = 0;
		};
/* End PBXSourcesBuildPhase section */

/* Begin PBXTargetDependency section */
		2889230E2CC12FC800CCD09C /* PBXTargetDependency */ = {
			isa = PBXTargetDependency;
			target = 288922F52CC12FC700CCD09C /* ContactList */;
			targetProxy = 2889230D2CC12FC800CCD09C /* PBXContainerItemProxy */;
		};
		288923182CC12FC800CCD09C /* PBXTargetDependency */ = {
			isa = PBXTargetDependency;
			target = 288922F52CC12FC700CCD09C /* ContactList */;
			targetProxy = 288923172CC12FC800CCD09C /* PBXContainerItemProxy */;
		};
/* End PBXTargetDependency section */

/* Begin PBXVariantGroup section */
		288922FF2CC12FC700CCD09C /* Main.storyboard */ = {
			isa = PBXVariantGroup;
			children = (
				288923002CC12FC700CCD09C /* Base */,
			);
			name = Main.storyboard;
			sourceTree = "<group>";
		};
		288923042CC12FC800CCD09C /* LaunchScreen.storyboard */ = {
			isa = PBXVariantGroup;
			children = (
				288923052CC12FC800CCD09C /* Base */,
			);
			name = LaunchScreen.storyboard;
			sourceTree = "<group>";
		};
/* End PBXVariantGroup section */

/* Begin XCBuildConfiguration section */
		2889231E2CC12FC800CCD09C /* Debug */ = {
			isa = XCBuildConfiguration;
			buildSettings = {
				ALWAYS_SEARCH_USER_PATHS = NO;
				ASSETCATALOG_COMPILER_GENERATE_SWIFT_ASSET_SYMBOL_EXTENSIONS = YES;
				CLANG_ANALYZER_NONNULL = YES;
				CLANG_ANALYZER_NUMBER_OBJECT_CONVERSION = YES_AGGRESSIVE;
				CLANG_CXX_LANGUAGE_STANDARD = "gnu++20";
				CLANG_ENABLE_MODULES = YES;
				CLANG_ENABLE_OBJC_ARC = YES;
				CLANG_ENABLE_OBJC_WEAK = YES;
				CLANG_WARN_BLOCK_CAPTURE_AUTORELEASING = YES;
				CLANG_WARN_BOOL_CONVERSION = YES;
				CLANG_WARN_COMMA = YES;
				CLANG_WARN_CONSTANT_CONVERSION = YES;
				CLANG_WARN_DEPRECATED_OBJC_IMPLEMENTATIONS = YES;
				CLANG_WARN_DIRECT_OBJC_ISA_USAGE = YES_ERROR;
				CLANG_WARN_DOCUMENTATION_COMMENTS = YES;
				CLANG_WARN_EMPTY_BODY = YES;
				CLANG_WARN_ENUM_CONVERSION = YES;
				CLANG_WARN_INFINITE_RECURSION = YES;
				CLANG_WARN_INT_CONVERSION = YES;
				CLANG_WARN_NON_LITERAL_NULL_CONVERSION = YES;
				CLANG_WARN_OBJC_IMPLICIT_RETAIN_SELF = YES;
				CLANG_WARN_OBJC_LITERAL_CONVERSION = YES;
				CLANG_WARN_OBJC_ROOT_CLASS = YES_ERROR;
				CLANG_WARN_QUOTED_INCLUDE_IN_FRAMEWORK_HEADER = YES;
				CLANG_WARN_RANGE_LOOP_ANALYSIS = YES;
				CLANG_WARN_STRICT_PROTOTYPES = YES;
				CLANG_WARN_SUSPICIOUS_MOVE = YES;
				CLANG_WARN_UNGUARDED_AVAILABILITY = YES_AGGRESSIVE;
				CLANG_WARN_UNREACHABLE_CODE = YES;
				CLANG_WARN__DUPLICATE_METHOD_MATCH = YES;
				COPY_PHASE_STRIP = NO;
				DEBUG_INFORMATION_FORMAT = dwarf;
				ENABLE_STRICT_OBJC_MSGSEND = YES;
				ENABLE_TESTABILITY = YES;
				ENABLE_USER_SCRIPT_SANDBOXING = YES;
				GCC_C_LANGUAGE_STANDARD = gnu17;
				GCC_DYNAMIC_NO_PIC = NO;
				GCC_NO_COMMON_BLOCKS = YES;
				GCC_OPTIMIZATION_LEVEL = 0;
				GCC_PREPROCESSOR_DEFINITIONS = (
					"DEBUG=1",
					"$(inherited)",
				);
				GCC_WARN_64_TO_32_BIT_CONVERSION = YES;
				GCC_WARN_ABOUT_RETURN_TYPE = YES_ERROR;
				GCC_WARN_UNDECLARED_SELECTOR = YES;
				GCC_WARN_UNINITIALIZED_AUTOS = YES_AGGRESSIVE;
				GCC_WARN_UNUSED_FUNCTION = YES;
				GCC_WARN_UNUSED_VARIABLE = YES;
				IPHONEOS_DEPLOYMENT_TARGET = 17.5;
				LOCALIZATION_PREFERS_STRING_CATALOGS = YES;
				MTL_ENABLE_DEBUG_INFO = INCLUDE_SOURCE;
				MTL_FAST_MATH = YES;
				ONLY_ACTIVE_ARCH = YES;
				SDKROOT = iphoneos;
				SWIFT_ACTIVE_COMPILATION_CONDITIONS = "DEBUG $(inherited)";
				SWIFT_OPTIMIZATION_LEVEL = "-Onone";
			};
			name = Debug;
		};
		2889231F2CC12FC800CCD09C /* Release */ = {
			isa = XCBuildConfiguration;
			buildSettings = {
				ALWAYS_SEARCH_USER_PATHS = NO;
				ASSETCATALOG_COMPILER_GENERATE_SWIFT_ASSET_SYMBOL_EXTENSIONS = YES;
				CLANG_ANALYZER_NONNULL = YES;
				CLANG_ANALYZER_NUMBER_OBJECT_CONVERSION = YES_AGGRESSIVE;
				CLANG_CXX_LANGUAGE_STANDARD = "gnu++20";
				CLANG_ENABLE_MODULES = YES;
				CLANG_ENABLE_OBJC_ARC = YES;
				CLANG_ENABLE_OBJC_WEAK = YES;
				CLANG_WARN_BLOCK_CAPTURE_AUTORELEASING = YES;
				CLANG_WARN_BOOL_CONVERSION = YES;
				CLANG_WARN_COMMA = YES;
				CLANG_WARN_CONSTANT_CONVERSION = YES;
				CLANG_WARN_DEPRECATED_OBJC_IMPLEMENTATIONS = YES;
				CLANG_WARN_DIRECT_OBJC_ISA_USAGE = YES_ERROR;
				CLANG_WARN_DOCUMENTATION_COMMENTS = YES;
				CLANG_WARN_EMPTY_BODY = YES;
				CLANG_WARN_ENUM_CONVERSION = YES;
				CLANG_WARN_INFINITE_RECURSION = YES;
				CLANG_WARN_INT_CONVERSION = YES;
				CLANG_WARN_NON_LITERAL_NULL_CONVERSION = YES;
				CLANG_WARN_OBJC_IMPLICIT_RETAIN_SELF = YES;
				CLANG_WARN_OBJC_LITERAL_CONVERSION = YES;
				CLANG_WARN_OBJC_ROOT_CLASS = YES_ERROR;
				CLANG_WARN_QUOTED_INCLUDE_IN_FRAMEWORK_HEADER = YES;
				CLANG_WARN_RANGE_LOOP_ANALYSIS = YES;
				CLANG_WARN_STRICT_PROTOTYPES = YES;
				CLANG_WARN_SUSPICIOUS_MOVE = YES;
				CLANG_WARN_UNGUARDED_AVAILABILITY = YES_AGGRESSIVE;
				CLANG_WARN_UNREACHABLE_CODE = YES;
				CLANG_WARN__DUPLICATE_METHOD_MATCH = YES;
				COPY_PHASE_STRIP = NO;
				DEBUG_INFORMATION_FORMAT = "dwarf-with-dsym";
				ENABLE_NS_ASSERTIONS = NO;
				ENABLE_STRICT_OBJC_MSGSEND = YES;
				ENABLE_USER_SCRIPT_SANDBOXING = YES;
				GCC_C_LANGUAGE_STANDARD = gnu17;
				GCC_NO_COMMON_BLOCKS = YES;
				GCC_WARN_64_TO_32_BIT_CONVERSION = YES;
				GCC_WARN_ABOUT_RETURN_TYPE = YES_ERROR;
				GCC_WARN_UNDECLARED_SELECTOR = YES;
				GCC_WARN_UNINITIALIZED_AUTOS = YES_AGGRESSIVE;
				GCC_WARN_UNUSED_FUNCTION = YES;
				GCC_WARN_UNUSED_VARIABLE = YES;
				IPHONEOS_DEPLOYMENT_TARGET = 17.5;
				LOCALIZATION_PREFERS_STRING_CATALOGS = YES;
				MTL_ENABLE_DEBUG_INFO = NO;
				MTL_FAST_MATH = YES;
				SDKROOT = iphoneos;
				SWIFT_COMPILATION_MODE = wholemodule;
				VALIDATE_PRODUCT = YES;
			};
			name = Release;
		};
		288923212CC12FC800CCD09C /* Debug */ = {
			isa = XCBuildConfiguration;
			buildSettings = {
				ASSETCATALOG_COMPILER_APPICON_NAME = AppIcon;
				ASSETCATALOG_COMPILER_GLOBAL_ACCENT_COLOR_NAME = AccentColor;
				CODE_SIGN_STYLE = Automatic;
				CURRENT_PROJECT_VERSION = 1;
				GENERATE_INFOPLIST_FILE = YES;
				INFOPLIST_FILE = ContactList/Info.plist;
				INFOPLIST_KEY_UIApplicationSupportsIndirectInputEvents = YES;
				INFOPLIST_KEY_UILaunchStoryboardName = LaunchScreen;
				INFOPLIST_KEY_UIMainStoryboardFile = Main;
				INFOPLIST_KEY_UISupportedInterfaceOrientations_iPad = "UIInterfaceOrientationPortrait UIInterfaceOrientationPortraitUpsideDown UIInterfaceOrientationLandscapeLeft UIInterfaceOrientationLandscapeRight";
				INFOPLIST_KEY_UISupportedInterfaceOrientations_iPhone = "UIInterfaceOrientationPortrait UIInterfaceOrientationLandscapeLeft UIInterfaceOrientationLandscapeRight";
				LD_RUNPATH_SEARCH_PATHS = (
					"$(inherited)",
					"@executable_path/Frameworks",
				);
				MARKETING_VERSION = 1.0;
				PRODUCT_BUNDLE_IDENTIFIER = qq.ContactList;
				PRODUCT_NAME = "$(TARGET_NAME)";
				SWIFT_EMIT_LOC_STRINGS = YES;
				SWIFT_VERSION = 5.0;
				TARGETED_DEVICE_FAMILY = "1,2";
			};
			name = Debug;
		};
		288923222CC12FC800CCD09C /* Release */ = {
			isa = XCBuildConfiguration;
			buildSettings = {
				ASSETCATALOG_COMPILER_APPICON_NAME = AppIcon;
				ASSETCATALOG_COMPILER_GLOBAL_ACCENT_COLOR_NAME = AccentColor;
				CODE_SIGN_STYLE = Automatic;
				CURRENT_PROJECT_VERSION = 1;
				GENERATE_INFOPLIST_FILE = YES;
				INFOPLIST_FILE = ContactList/Info.plist;
				INFOPLIST_KEY_UIApplicationSupportsIndirectInputEvents = YES;
				INFOPLIST_KEY_UILaunchStoryboardName = LaunchScreen;
				INFOPLIST_KEY_UIMainStoryboardFile = Main;
				INFOPLIST_KEY_UISupportedInterfaceOrientations_iPad = "UIInterfaceOrientationPortrait UIInterfaceOrientationPortraitUpsideDown UIInterfaceOrientationLandscapeLeft UIInterfaceOrientationLandscapeRight";
				INFOPLIST_KEY_UISupportedInterfaceOrientations_iPhone = "UIInterfaceOrientationPortrait UIInterfaceOrientationLandscapeLeft UIInterfaceOrientationLandscapeRight";
				LD_RUNPATH_SEARCH_PATHS = (
					"$(inherited)",
					"@executable_path/Frameworks",
				);
				MARKETING_VERSION = 1.0;
				PRODUCT_BUNDLE_IDENTIFIER = qq.ContactList;
				PRODUCT_NAME = "$(TARGET_NAME)";
				SWIFT_EMIT_LOC_STRINGS = YES;
				SWIFT_VERSION = 5.0;
				TARGETED_DEVICE_FAMILY = "1,2";
			};
			name = Release;
		};
		288923242CC12FC800CCD09C /* Debug */ = {
			isa = XCBuildConfiguration;
			buildSettings = {
				ALWAYS_EMBED_SWIFT_STANDARD_LIBRARIES = YES;
				BUNDLE_LOADER = "$(TEST_HOST)";
				CODE_SIGN_STYLE = Automatic;
				CURRENT_PROJECT_VERSION = 1;
				GENERATE_INFOPLIST_FILE = YES;
				IPHONEOS_DEPLOYMENT_TARGET = 17.5;
				MARKETING_VERSION = 1.0;
				PRODUCT_BUNDLE_IDENTIFIER = qq.ContactListTests;
				PRODUCT_NAME = "$(TARGET_NAME)";
				SWIFT_EMIT_LOC_STRINGS = NO;
				SWIFT_VERSION = 5.0;
				TARGETED_DEVICE_FAMILY = "1,2";
				TEST_HOST = "$(BUILT_PRODUCTS_DIR)/ContactList.app/$(BUNDLE_EXECUTABLE_FOLDER_PATH)/ContactList";
			};
			name = Debug;
		};
		288923252CC12FC800CCD09C /* Release */ = {
			isa = XCBuildConfiguration;
			buildSettings = {
				ALWAYS_EMBED_SWIFT_STANDARD_LIBRARIES = YES;
				BUNDLE_LOADER = "$(TEST_HOST)";
				CODE_SIGN_STYLE = Automatic;
				CURRENT_PROJECT_VERSION = 1;
				GENERATE_INFOPLIST_FILE = YES;
				IPHONEOS_DEPLOYMENT_TARGET = 17.5;
				MARKETING_VERSION = 1.0;
				PRODUCT_BUNDLE_IDENTIFIER = qq.ContactListTests;
				PRODUCT_NAME = "$(TARGET_NAME)";
				SWIFT_EMIT_LOC_STRINGS = NO;
				SWIFT_VERSION = 5.0;
				TARGETED_DEVICE_FAMILY = "1,2";
				TEST_HOST = "$(BUILT_PRODUCTS_DIR)/ContactList.app/$(BUNDLE_EXECUTABLE_FOLDER_PATH)/ContactList";
			};
			name = Release;
		};
		288923272CC12FC800CCD09C /* Debug */ = {
			isa = XCBuildConfiguration;
			buildSettings = {
				ALWAYS_EMBED_SWIFT_STANDARD_LIBRARIES = YES;
				CODE_SIGN_STYLE = Automatic;
				CURRENT_PROJECT_VERSION = 1;
				GENERATE_INFOPLIST_FILE = YES;
				MARKETING_VERSION = 1.0;
				PRODUCT_BUNDLE_IDENTIFIER = qq.ContactListUITests;
				PRODUCT_NAME = "$(TARGET_NAME)";
				SWIFT_EMIT_LOC_STRINGS = NO;
				SWIFT_VERSION = 5.0;
				TARGETED_DEVICE_FAMILY = "1,2";
				TEST_TARGET_NAME = ContactList;
			};
			name = Debug;
		};
		288923282CC12FC800CCD09C /* Release */ = {
			isa = XCBuildConfiguration;
			buildSettings = {
				ALWAYS_EMBED_SWIFT_STANDARD_LIBRARIES = YES;
				CODE_SIGN_STYLE = Automatic;
				CURRENT_PROJECT_VERSION = 1;
				GENERATE_INFOPLIST_FILE = YES;
				MARKETING_VERSION = 1.0;
				PRODUCT_BUNDLE_IDENTIFIER = qq.ContactListUITests;
				PRODUCT_NAME = "$(TARGET_NAME)";
				SWIFT_EMIT_LOC_STRINGS = NO;
				SWIFT_VERSION = 5.0;
				TARGETED_DEVICE_FAMILY = "1,2";
				TEST_TARGET_NAME = ContactList;
			};
			name = Release;
		};
/* End XCBuildConfiguration section */

/* Begin XCConfigurationList section */
		288922F12CC12FC700CCD09C /* Build configuration list for PBXProject "ContactList" */ = {
			isa = XCConfigurationList;
			buildConfigurations = (
				2889231E2CC12FC800CCD09C /* Debug */,
				2889231F2CC12FC800CCD09C /* Release */,
			);
			defaultConfigurationIsVisible = 0;
			defaultConfigurationName = Release;
		};
		288923202CC12FC800CCD09C /* Build configuration list for PBXNativeTarget "ContactList" */ = {
			isa = XCConfigurationList;
			buildConfigurations = (
				288923212CC12FC800CCD09C /* Debug */,
				288923222CC12FC800CCD09C /* Release */,
			);
			defaultConfigurationIsVisible = 0;
			defaultConfigurationName = Release;
		};
		288923232CC12FC800CCD09C /* Build configuration list for PBXNativeTarget "ContactListTests" */ = {
			isa = XCConfigurationList;
			buildConfigurations = (
				288923242CC12FC800CCD09C /* Debug */,
				288923252CC12FC800CCD09C /* Release */,
			);
			defaultConfigurationIsVisible = 0;
			defaultConfigurationName = Release;
		};
		288923262CC12FC800CCD09C /* Build configuration list for PBXNativeTarget "ContactListUITests" */ = {
			isa = XCConfigurationList;
			buildConfigurations = (
				288923272CC12FC800CCD09C /* Debug */,
				288923282CC12FC800CCD09C /* Release */,
			);
			defaultConfigurationIsVisible = 0;
			defaultConfigurationName = Release;
		};
/* End XCConfigurationList section */
	};
	rootObject = 288922EE2CC12FC700CCD09C /* Project object */;
}
